
Microsoft Visual Studio Solution File, Format Version 12.00
# Visual Studio Version 16
VisualStudioVersion = 16.0.30128.36
MinimumVisualStudioVersion = 10.0.40219.1
Project("{9A19103F-16F7-4668-BE54-9A1E7A4F7556}") = "Api", "API\Api.csproj", "{A77301EF-ECB9-481A-9C3A-9C6133E3EBD1}"
EndProject
Project("{9A19103F-16F7-4668-BE54-9A1E7A4F7556}") = "API.UnitTests", "API.UnitTests\API.UnitTests.csproj", "{FFC9B3F6-79BB-452D-8808-0DAC42BF67FF}"
EndProject
Global
	GlobalSection(SolutionConfigurationPlatforms) = preSolution
		Debug|Any CPU = Debug|Any CPU
		Release|Any CPU = Release|Any CPU
	EndGlobalSection
	GlobalSection(ProjectConfigurationPlatforms) = postSolution
		{A77301EF-ECB9-481A-9C3A-9C6133E3EBD1}.Debug|Any CPU.ActiveCfg = Debug|Any CPU
		{A77301EF-ECB9-481A-9C3A-9C6133E3EBD1}.Debug|Any CPU.Build.0 = Debug|Any CPU
		{A77301EF-ECB9-481A-9C3A-9C6133E3EBD1}.Release|Any CPU.ActiveCfg = Release|Any CPU
		{A77301EF-ECB9-481A-9C3A-9C6133E3EBD1}.Release|Any CPU.Build.0 = Release|Any CPU
		{FFC9B3F6-79BB-452D-8808-0DAC42BF67FF}.Debug|Any CPU.ActiveCfg = Debug|Any CPU
		{FFC9B3F6-79BB-452D-8808-0DAC42BF67FF}.Debug|Any CPU.Build.0 = Debug|Any CPU
		{FFC9B3F6-79BB-452D-8808-0DAC42BF67FF}.Release|Any CPU.ActiveCfg = Release|Any CPU
		{FFC9B3F6-79BB-452D-8808-0DAC42BF67FF}.Release|Any CPU.Build.0 = Release|Any CPU
	EndGlobalSection
	GlobalSection(SolutionProperties) = preSolution
		HideSolutionNode = FALSE
	EndGlobalSection
	GlobalSection(ExtensibilityGlobals) = postSolution
		SolutionGuid = {9B32213F-05C3-4095-86E7-3AF8298FD46B}
	EndGlobalSection
EndGlobal
